
Microsoft Visual Studio Solution File, Format Version 12.00
# Visual Studio 15
VisualStudioVersion = 15.0.26430.6
MinimumVisualStudioVersion = 10.0.40219.1
Project("{FAE04EC0-301F-11D3-BF4B-00C04F79EFBC}") = "01. Greeting", "Greeting\01. Greeting.csproj", "{FDBBFF40-D518-4DAA-84F7-228F182AB87E}"
EndProject
Project("{FAE04EC0-301F-11D3-BF4B-00C04F79EFBC}") = "02. AddTwoNumbers", "AddTwoNumbers\02. AddTwoNumbers.csproj", "{1A812184-B00B-4D5F-8868-7A80C20681F8}"
EndProject
Project("{FAE04EC0-301F-11D3-BF4B-00C04F79EFBC}") = "03. EmployeeData", "EmployeeData\03. EmployeeData.csproj", "{79172F83-8E57-49A1-A519-1414B3AE0AAE}"
EndProject
Global
	GlobalSection(SolutionConfigurationPlatforms) = preSolution
		Debug|Any CPU = Debug|Any CPU
		Release|Any CPU = Release|Any CPU
	EndGlobalSection
	GlobalSection(ProjectConfigurationPlatforms) = postSolution
		{FDBBFF40-D518-4DAA-84F7-228F182AB87E}.Debug|Any CPU.ActiveCfg = Debug|Any CPU
		{FDBBFF40-D518-4DAA-84F7-228F182AB87E}.Debug|Any CPU.Build.0 = Debug|Any CPU
		{FDBBFF40-D518-4DAA-84F7-228F182AB87E}.Release|Any CPU.ActiveCfg = Release|Any CPU
		{FDBBFF40-D518-4DAA-84F7-228F182AB87E}.Release|Any CPU.Build.0 = Release|Any CPU
		{1A812184-B00B-4D5F-8868-7A80C20681F8}.Debug|Any CPU.ActiveCfg = Debug|Any CPU
		{1A812184-B00B-4D5F-8868-7A80C20681F8}.Debug|Any CPU.Build.0 = Debug|Any CPU
		{1A812184-B00B-4D5F-8868-7A80C20681F8}.Release|Any CPU.ActiveCfg = Release|Any CPU
		{1A812184-B00B-4D5F-8868-7A80C20681F8}.Release|Any CPU.Build.0 = Release|Any CPU
		{79172F83-8E57-49A1-A519-1414B3AE0AAE}.Debug|Any CPU.ActiveCfg = Debug|Any CPU
		{79172F83-8E57-49A1-A519-1414B3AE0AAE}.Debug|Any CPU.Build.0 = Debug|Any CPU
		{79172F83-8E57-49A1-A519-1414B3AE0AAE}.Release|Any CPU.ActiveCfg = Release|Any CPU
		{79172F83-8E57-49A1-A519-1414B3AE0AAE}.Release|Any CPU.Build.0 = Release|Any CPU
	EndGlobalSection
	GlobalSection(SolutionProperties) = preSolution
		HideSolutionNode = FALSE
	EndGlobalSection
EndGlobal
