
Microsoft Visual Studio Solution File, Format Version 12.00
# Visual Studio 15
VisualStudioVersion = 15.0.26430.16
MinimumVisualStudioVersion = 10.0.40219.1
Project("{FAE04EC0-301F-11D3-BF4B-00C04F79EFBC}") = "04. PokemonEvolution", "PokemonEvolution\04. PokemonEvolution.csproj", "{A7F24D35-603E-46F9-B498-9FB69158D352}"
EndProject
Project("{FAE04EC0-301F-11D3-BF4B-00C04F79EFBC}") = "03. Regexmon", "Regexmon\03. Regexmon.csproj", "{7B78BF4E-58E3-470E-AD32-BB8651722C34}"
EndProject
Global
	GlobalSection(SolutionConfigurationPlatforms) = preSolution
		Debug|Any CPU = Debug|Any CPU
		Release|Any CPU = Release|Any CPU
	EndGlobalSection
	GlobalSection(ProjectConfigurationPlatforms) = postSolution
		{A7F24D35-603E-46F9-B498-9FB69158D352}.Debug|Any CPU.ActiveCfg = Debug|Any CPU
		{A7F24D35-603E-46F9-B498-9FB69158D352}.Debug|Any CPU.Build.0 = Debug|Any CPU
		{A7F24D35-603E-46F9-B498-9FB69158D352}.Release|Any CPU.ActiveCfg = Release|Any CPU
		{A7F24D35-603E-46F9-B498-9FB69158D352}.Release|Any CPU.Build.0 = Release|Any CPU
		{7B78BF4E-58E3-470E-AD32-BB8651722C34}.Debug|Any CPU.ActiveCfg = Debug|Any CPU
		{7B78BF4E-58E3-470E-AD32-BB8651722C34}.Debug|Any CPU.Build.0 = Debug|Any CPU
		{7B78BF4E-58E3-470E-AD32-BB8651722C34}.Release|Any CPU.ActiveCfg = Release|Any CPU
		{7B78BF4E-58E3-470E-AD32-BB8651722C34}.Release|Any CPU.Build.0 = Release|Any CPU
	EndGlobalSection
	GlobalSection(SolutionProperties) = preSolution
		HideSolutionNode = FALSE
	EndGlobalSection
EndGlobal
