
Microsoft Visual Studio Solution File, Format Version 12.00
# Visual Studio 15
VisualStudioVersion = 15.0.26430.6
MinimumVisualStudioVersion = 10.0.40219.1
Project("{FAE04EC0-301F-11D3-BF4B-00C04F79EFBC}") = "01. DistinctList", "DistinctList\01. DistinctList.csproj", "{F6E12FE3-8037-4363-9369-EA743EA57BC4}"
EndProject
Project("{FAE04EC0-301F-11D3-BF4B-00C04F79EFBC}") = "02. IntegerInsertion", "IntegerInsertion\02. IntegerInsertion.csproj", "{8AA90755-73F0-46D9-91C4-2A1724106094}"
EndProject
Project("{FAE04EC0-301F-11D3-BF4B-00C04F79EFBC}") = "03. Camel’sBack", "Camel’sBack\03. Camel’sBack.csproj", "{7D2E2002-4515-4184-825F-F9CAB1CDA904}"
EndProject
Project("{FAE04EC0-301F-11D3-BF4B-00C04F79EFBC}") = "04. UnunionLists", "UnunionLists\04. UnunionLists.csproj", "{FE379CBB-5AAB-431F-80A8-6E6C2852BD4C}"
EndProject
Global
	GlobalSection(SolutionConfigurationPlatforms) = preSolution
		Debug|Any CPU = Debug|Any CPU
		Release|Any CPU = Release|Any CPU
	EndGlobalSection
	GlobalSection(ProjectConfigurationPlatforms) = postSolution
		{F6E12FE3-8037-4363-9369-EA743EA57BC4}.Debug|Any CPU.ActiveCfg = Debug|Any CPU
		{F6E12FE3-8037-4363-9369-EA743EA57BC4}.Debug|Any CPU.Build.0 = Debug|Any CPU
		{F6E12FE3-8037-4363-9369-EA743EA57BC4}.Release|Any CPU.ActiveCfg = Release|Any CPU
		{F6E12FE3-8037-4363-9369-EA743EA57BC4}.Release|Any CPU.Build.0 = Release|Any CPU
		{8AA90755-73F0-46D9-91C4-2A1724106094}.Debug|Any CPU.ActiveCfg = Debug|Any CPU
		{8AA90755-73F0-46D9-91C4-2A1724106094}.Debug|Any CPU.Build.0 = Debug|Any CPU
		{8AA90755-73F0-46D9-91C4-2A1724106094}.Release|Any CPU.ActiveCfg = Release|Any CPU
		{8AA90755-73F0-46D9-91C4-2A1724106094}.Release|Any CPU.Build.0 = Release|Any CPU
		{7D2E2002-4515-4184-825F-F9CAB1CDA904}.Debug|Any CPU.ActiveCfg = Debug|Any CPU
		{7D2E2002-4515-4184-825F-F9CAB1CDA904}.Debug|Any CPU.Build.0 = Debug|Any CPU
		{7D2E2002-4515-4184-825F-F9CAB1CDA904}.Release|Any CPU.ActiveCfg = Release|Any CPU
		{7D2E2002-4515-4184-825F-F9CAB1CDA904}.Release|Any CPU.Build.0 = Release|Any CPU
		{FE379CBB-5AAB-431F-80A8-6E6C2852BD4C}.Debug|Any CPU.ActiveCfg = Debug|Any CPU
		{FE379CBB-5AAB-431F-80A8-6E6C2852BD4C}.Debug|Any CPU.Build.0 = Debug|Any CPU
		{FE379CBB-5AAB-431F-80A8-6E6C2852BD4C}.Release|Any CPU.ActiveCfg = Release|Any CPU
		{FE379CBB-5AAB-431F-80A8-6E6C2852BD4C}.Release|Any CPU.Build.0 = Release|Any CPU
	EndGlobalSection
	GlobalSection(SolutionProperties) = preSolution
		HideSolutionNode = FALSE
	EndGlobalSection
EndGlobal
