
Microsoft Visual Studio Solution File, Format Version 12.00
# Visual Studio 14
VisualStudioVersion = 14.0.25420.1
MinimumVisualStudioVersion = 10.0.40219.1
Project("{FAE04EC0-301F-11D3-BF4B-00C04F79EFBC}") = "01", "01.\01.csproj", "{E5448EF5-E963-4401-BA0B-D3DEC36EC6DB}"
EndProject
Project("{FAE04EC0-301F-11D3-BF4B-00C04F79EFBC}") = "02", "02.\02.csproj", "{0FA2EDA5-021B-4EE9-9025-18FD74BC75B9}"
EndProject
Project("{FAE04EC0-301F-11D3-BF4B-00C04F79EFBC}") = "03", "03.\03.csproj", "{38C327D7-3E46-4CAE-A23E-6238249F1C44}"
EndProject
Project("{FAE04EC0-301F-11D3-BF4B-00C04F79EFBC}") = "04", "04.\04.csproj", "{0D75C9A0-BBF4-4559-8D3A-122799193F97}"
EndProject
Project("{FAE04EC0-301F-11D3-BF4B-00C04F79EFBC}") = "05", "05.\05.csproj", "{27B27B79-AF55-4D8C-9434-DCCCDE2CA2AB}"
EndProject
Project("{FAE04EC0-301F-11D3-BF4B-00C04F79EFBC}") = "06", "06\06.csproj", "{6F337DC9-224E-4C18-9A26-CBC519C2751D}"
EndProject
Global
	GlobalSection(SolutionConfigurationPlatforms) = preSolution
		Debug|Any CPU = Debug|Any CPU
		Release|Any CPU = Release|Any CPU
	EndGlobalSection
	GlobalSection(ProjectConfigurationPlatforms) = postSolution
		{E5448EF5-E963-4401-BA0B-D3DEC36EC6DB}.Debug|Any CPU.ActiveCfg = Debug|Any CPU
		{E5448EF5-E963-4401-BA0B-D3DEC36EC6DB}.Debug|Any CPU.Build.0 = Debug|Any CPU
		{E5448EF5-E963-4401-BA0B-D3DEC36EC6DB}.Release|Any CPU.ActiveCfg = Release|Any CPU
		{E5448EF5-E963-4401-BA0B-D3DEC36EC6DB}.Release|Any CPU.Build.0 = Release|Any CPU
		{0FA2EDA5-021B-4EE9-9025-18FD74BC75B9}.Debug|Any CPU.ActiveCfg = Debug|Any CPU
		{0FA2EDA5-021B-4EE9-9025-18FD74BC75B9}.Debug|Any CPU.Build.0 = Debug|Any CPU
		{0FA2EDA5-021B-4EE9-9025-18FD74BC75B9}.Release|Any CPU.ActiveCfg = Release|Any CPU
		{0FA2EDA5-021B-4EE9-9025-18FD74BC75B9}.Release|Any CPU.Build.0 = Release|Any CPU
		{38C327D7-3E46-4CAE-A23E-6238249F1C44}.Debug|Any CPU.ActiveCfg = Debug|Any CPU
		{38C327D7-3E46-4CAE-A23E-6238249F1C44}.Debug|Any CPU.Build.0 = Debug|Any CPU
		{38C327D7-3E46-4CAE-A23E-6238249F1C44}.Release|Any CPU.ActiveCfg = Release|Any CPU
		{38C327D7-3E46-4CAE-A23E-6238249F1C44}.Release|Any CPU.Build.0 = Release|Any CPU
		{0D75C9A0-BBF4-4559-8D3A-122799193F97}.Debug|Any CPU.ActiveCfg = Debug|Any CPU
		{0D75C9A0-BBF4-4559-8D3A-122799193F97}.Debug|Any CPU.Build.0 = Debug|Any CPU
		{0D75C9A0-BBF4-4559-8D3A-122799193F97}.Release|Any CPU.ActiveCfg = Release|Any CPU
		{0D75C9A0-BBF4-4559-8D3A-122799193F97}.Release|Any CPU.Build.0 = Release|Any CPU
		{27B27B79-AF55-4D8C-9434-DCCCDE2CA2AB}.Debug|Any CPU.ActiveCfg = Debug|Any CPU
		{27B27B79-AF55-4D8C-9434-DCCCDE2CA2AB}.Debug|Any CPU.Build.0 = Debug|Any CPU
		{27B27B79-AF55-4D8C-9434-DCCCDE2CA2AB}.Release|Any CPU.ActiveCfg = Release|Any CPU
		{27B27B79-AF55-4D8C-9434-DCCCDE2CA2AB}.Release|Any CPU.Build.0 = Release|Any CPU
		{6F337DC9-224E-4C18-9A26-CBC519C2751D}.Debug|Any CPU.ActiveCfg = Debug|Any CPU
		{6F337DC9-224E-4C18-9A26-CBC519C2751D}.Debug|Any CPU.Build.0 = Debug|Any CPU
		{6F337DC9-224E-4C18-9A26-CBC519C2751D}.Release|Any CPU.ActiveCfg = Release|Any CPU
		{6F337DC9-224E-4C18-9A26-CBC519C2751D}.Release|Any CPU.Build.0 = Release|Any CPU
	EndGlobalSection
	GlobalSection(SolutionProperties) = preSolution
		HideSolutionNode = FALSE
	EndGlobalSection
EndGlobal
