
Microsoft Visual Studio Solution File, Format Version 12.00
# Visual Studio 15
VisualStudioVersion = 15.0.26430.16
MinimumVisualStudioVersion = 10.0.40219.1
Project("{FAE04EC0-301F-11D3-BF4B-00C04F79EFBC}") = "01. Thea The Photographer", "TheaThePhotographer\01. Thea The Photographer.csproj", "{9E6FED64-4FE2-45F0-824E-E779158A681F}"
EndProject
Project("{FAE04EC0-301F-11D3-BF4B-00C04F79EFBC}") = "02. Trophon The Grumpy Cat", "TrophonTheGrumpyCat\02. Trophon The Grumpy Cat.csproj", "{25D7BC0F-B1D8-4F3A-B0B5-D63AA0D8C3D0}"
EndProject
Project("{FAE04EC0-301F-11D3-BF4B-00C04F79EFBC}") = "03. Portal", "Portal\03. Portal.csproj", "{5595118C-CB00-4D2F-993D-885ED7CFFAA8}"
EndProject
Project("{FAE04EC0-301F-11D3-BF4B-00C04F79EFBC}") = "04. Files", "Files\04. Files.csproj", "{75445B1A-CE61-4B5F-A0F6-CD7B071D077F}"
EndProject
Global
	GlobalSection(SolutionConfigurationPlatforms) = preSolution
		Debug|Any CPU = Debug|Any CPU
		Release|Any CPU = Release|Any CPU
	EndGlobalSection
	GlobalSection(ProjectConfigurationPlatforms) = postSolution
		{9E6FED64-4FE2-45F0-824E-E779158A681F}.Debug|Any CPU.ActiveCfg = Debug|Any CPU
		{9E6FED64-4FE2-45F0-824E-E779158A681F}.Debug|Any CPU.Build.0 = Debug|Any CPU
		{9E6FED64-4FE2-45F0-824E-E779158A681F}.Release|Any CPU.ActiveCfg = Release|Any CPU
		{9E6FED64-4FE2-45F0-824E-E779158A681F}.Release|Any CPU.Build.0 = Release|Any CPU
		{25D7BC0F-B1D8-4F3A-B0B5-D63AA0D8C3D0}.Debug|Any CPU.ActiveCfg = Debug|Any CPU
		{25D7BC0F-B1D8-4F3A-B0B5-D63AA0D8C3D0}.Debug|Any CPU.Build.0 = Debug|Any CPU
		{25D7BC0F-B1D8-4F3A-B0B5-D63AA0D8C3D0}.Release|Any CPU.ActiveCfg = Release|Any CPU
		{25D7BC0F-B1D8-4F3A-B0B5-D63AA0D8C3D0}.Release|Any CPU.Build.0 = Release|Any CPU
		{5595118C-CB00-4D2F-993D-885ED7CFFAA8}.Debug|Any CPU.ActiveCfg = Debug|Any CPU
		{5595118C-CB00-4D2F-993D-885ED7CFFAA8}.Debug|Any CPU.Build.0 = Debug|Any CPU
		{5595118C-CB00-4D2F-993D-885ED7CFFAA8}.Release|Any CPU.ActiveCfg = Release|Any CPU
		{5595118C-CB00-4D2F-993D-885ED7CFFAA8}.Release|Any CPU.Build.0 = Release|Any CPU
		{75445B1A-CE61-4B5F-A0F6-CD7B071D077F}.Debug|Any CPU.ActiveCfg = Debug|Any CPU
		{75445B1A-CE61-4B5F-A0F6-CD7B071D077F}.Debug|Any CPU.Build.0 = Debug|Any CPU
		{75445B1A-CE61-4B5F-A0F6-CD7B071D077F}.Release|Any CPU.ActiveCfg = Release|Any CPU
		{75445B1A-CE61-4B5F-A0F6-CD7B071D077F}.Release|Any CPU.Build.0 = Release|Any CPU
	EndGlobalSection
	GlobalSection(SolutionProperties) = preSolution
		HideSolutionNode = FALSE
	EndGlobalSection
EndGlobal
