
Microsoft Visual Studio Solution File, Format Version 12.00
# Visual Studio 15
VisualStudioVersion = 15.0.26430.6
MinimumVisualStudioVersion = 10.0.40219.1
Project("{FAE04EC0-301F-11D3-BF4B-00C04F79EFBC}") = "01. Wardrobe", "Wardrobe\01. Wardrobe.csproj", "{C26324AD-8FA6-4AFD-813C-E8263BB7A02F}"
EndProject
Project("{FAE04EC0-301F-11D3-BF4B-00C04F79EFBC}") = "02. Key-Key Value-Value", "Key-Key Value-Value\02. Key-Key Value-Value.csproj", "{53265F7E-6C7E-457A-97D7-667990958484}"
EndProject
Project("{FAE04EC0-301F-11D3-BF4B-00C04F79EFBC}") = "03. TravelCompany", "TravelCompany\03. TravelCompany.csproj", "{43FFA1B4-B143-48EB-9FCD-A1C90454CB16}"
EndProject
Project("{FAE04EC0-301F-11D3-BF4B-00C04F79EFBC}") = "04. Shellbound", "Shellbound\04. Shellbound.csproj", "{7BE3AF31-4A43-4806-817A-0642AEB1D755}"
EndProject
Project("{FAE04EC0-301F-11D3-BF4B-00C04F79EFBC}") = "05. Dict-Ref-Advanced", "Dict-Ref-Advanced\05. Dict-Ref-Advanced.csproj", "{563E1D7D-67BB-4EF7-83E9-DB02E72C99F0}"
EndProject
Project("{FAE04EC0-301F-11D3-BF4B-00C04F79EFBC}") = "06. ForumTopics", "ForumTopics\06. ForumTopics.csproj", "{65FC1224-FADF-448B-8572-C4D4C42A8303}"
EndProject
Project("{FAE04EC0-301F-11D3-BF4B-00C04F79EFBC}") = "07. SocialMediaPosts", "SocialMediaPosts\07. SocialMediaPosts.csproj", "{29048D62-CDF4-4C6D-BF24-829FDC9FB74E}"
EndProject
Global
	GlobalSection(SolutionConfigurationPlatforms) = preSolution
		Debug|Any CPU = Debug|Any CPU
		Release|Any CPU = Release|Any CPU
	EndGlobalSection
	GlobalSection(ProjectConfigurationPlatforms) = postSolution
		{C26324AD-8FA6-4AFD-813C-E8263BB7A02F}.Debug|Any CPU.ActiveCfg = Debug|Any CPU
		{C26324AD-8FA6-4AFD-813C-E8263BB7A02F}.Debug|Any CPU.Build.0 = Debug|Any CPU
		{C26324AD-8FA6-4AFD-813C-E8263BB7A02F}.Release|Any CPU.ActiveCfg = Release|Any CPU
		{C26324AD-8FA6-4AFD-813C-E8263BB7A02F}.Release|Any CPU.Build.0 = Release|Any CPU
		{53265F7E-6C7E-457A-97D7-667990958484}.Debug|Any CPU.ActiveCfg = Debug|Any CPU
		{53265F7E-6C7E-457A-97D7-667990958484}.Debug|Any CPU.Build.0 = Debug|Any CPU
		{53265F7E-6C7E-457A-97D7-667990958484}.Release|Any CPU.ActiveCfg = Release|Any CPU
		{53265F7E-6C7E-457A-97D7-667990958484}.Release|Any CPU.Build.0 = Release|Any CPU
		{43FFA1B4-B143-48EB-9FCD-A1C90454CB16}.Debug|Any CPU.ActiveCfg = Debug|Any CPU
		{43FFA1B4-B143-48EB-9FCD-A1C90454CB16}.Debug|Any CPU.Build.0 = Debug|Any CPU
		{43FFA1B4-B143-48EB-9FCD-A1C90454CB16}.Release|Any CPU.ActiveCfg = Release|Any CPU
		{43FFA1B4-B143-48EB-9FCD-A1C90454CB16}.Release|Any CPU.Build.0 = Release|Any CPU
		{7BE3AF31-4A43-4806-817A-0642AEB1D755}.Debug|Any CPU.ActiveCfg = Debug|Any CPU
		{7BE3AF31-4A43-4806-817A-0642AEB1D755}.Debug|Any CPU.Build.0 = Debug|Any CPU
		{7BE3AF31-4A43-4806-817A-0642AEB1D755}.Release|Any CPU.ActiveCfg = Release|Any CPU
		{7BE3AF31-4A43-4806-817A-0642AEB1D755}.Release|Any CPU.Build.0 = Release|Any CPU
		{563E1D7D-67BB-4EF7-83E9-DB02E72C99F0}.Debug|Any CPU.ActiveCfg = Debug|Any CPU
		{563E1D7D-67BB-4EF7-83E9-DB02E72C99F0}.Debug|Any CPU.Build.0 = Debug|Any CPU
		{563E1D7D-67BB-4EF7-83E9-DB02E72C99F0}.Release|Any CPU.ActiveCfg = Release|Any CPU
		{563E1D7D-67BB-4EF7-83E9-DB02E72C99F0}.Release|Any CPU.Build.0 = Release|Any CPU
		{65FC1224-FADF-448B-8572-C4D4C42A8303}.Debug|Any CPU.ActiveCfg = Debug|Any CPU
		{65FC1224-FADF-448B-8572-C4D4C42A8303}.Debug|Any CPU.Build.0 = Debug|Any CPU
		{65FC1224-FADF-448B-8572-C4D4C42A8303}.Release|Any CPU.ActiveCfg = Release|Any CPU
		{65FC1224-FADF-448B-8572-C4D4C42A8303}.Release|Any CPU.Build.0 = Release|Any CPU
		{29048D62-CDF4-4C6D-BF24-829FDC9FB74E}.Debug|Any CPU.ActiveCfg = Debug|Any CPU
		{29048D62-CDF4-4C6D-BF24-829FDC9FB74E}.Debug|Any CPU.Build.0 = Debug|Any CPU
		{29048D62-CDF4-4C6D-BF24-829FDC9FB74E}.Release|Any CPU.ActiveCfg = Release|Any CPU
		{29048D62-CDF4-4C6D-BF24-829FDC9FB74E}.Release|Any CPU.Build.0 = Release|Any CPU
	EndGlobalSection
	GlobalSection(SolutionProperties) = preSolution
		HideSolutionNode = FALSE
	EndGlobalSection
EndGlobal
