
Microsoft Visual Studio Solution File, Format Version 12.00
# Visual Studio 15
VisualStudioVersion = 15.0.26430.6
MinimumVisualStudioVersion = 10.0.40219.1
Project("{FAE04EC0-301F-11D3-BF4B-00C04F79EFBC}") = "01. DayOfWeek", "DayOfWeek\01. DayOfWeek.csproj", "{7CBCB2C5-334C-4939-B45B-7D1310791819}"
EndProject
Project("{FAE04EC0-301F-11D3-BF4B-00C04F79EFBC}") = "02. RandomizeWords", "RandomizeWords\02. RandomizeWords.csproj", "{D6A26A89-772A-4E54-B65D-695CB94A6365}"
EndProject
Project("{FAE04EC0-301F-11D3-BF4B-00C04F79EFBC}") = "03. BigFactorial", "BigFactorial\03. BigFactorial.csproj", "{29E18684-4C67-482D-B93A-B3E4FB92A4B4}"
EndProject
Project("{FAE04EC0-301F-11D3-BF4B-00C04F79EFBC}") = "04. DistanceBetweenPoints", "DistanceBetweenPoints\04. DistanceBetweenPoints.csproj", "{6DF75DDB-6161-4BDE-B186-8EED10CE9E13}"
EndProject
Project("{FAE04EC0-301F-11D3-BF4B-00C04F79EFBC}") = "05. ClosestTwoPoints", "ClosestTwoPoints\05. ClosestTwoPoints.csproj", "{090DFF88-D3BC-4B98-9BAA-0D58BD95909B}"
EndProject
Project("{FAE04EC0-301F-11D3-BF4B-00C04F79EFBC}") = "06. RectanglePosition", "RectanglePosition\06. RectanglePosition.csproj", "{717163EA-38C1-4CCE-980C-2544FF3EF1A3}"
EndProject
Project("{FAE04EC0-301F-11D3-BF4B-00C04F79EFBC}") = "07. SalesReport", "SalesReport\07. SalesReport.csproj", "{D456997C-5708-4581-A06A-B5252175209D}"
EndProject
Global
	GlobalSection(SolutionConfigurationPlatforms) = preSolution
		Debug|Any CPU = Debug|Any CPU
		Release|Any CPU = Release|Any CPU
	EndGlobalSection
	GlobalSection(ProjectConfigurationPlatforms) = postSolution
		{7CBCB2C5-334C-4939-B45B-7D1310791819}.Debug|Any CPU.ActiveCfg = Debug|Any CPU
		{7CBCB2C5-334C-4939-B45B-7D1310791819}.Debug|Any CPU.Build.0 = Debug|Any CPU
		{7CBCB2C5-334C-4939-B45B-7D1310791819}.Release|Any CPU.ActiveCfg = Release|Any CPU
		{7CBCB2C5-334C-4939-B45B-7D1310791819}.Release|Any CPU.Build.0 = Release|Any CPU
		{D6A26A89-772A-4E54-B65D-695CB94A6365}.Debug|Any CPU.ActiveCfg = Debug|Any CPU
		{D6A26A89-772A-4E54-B65D-695CB94A6365}.Debug|Any CPU.Build.0 = Debug|Any CPU
		{D6A26A89-772A-4E54-B65D-695CB94A6365}.Release|Any CPU.ActiveCfg = Release|Any CPU
		{D6A26A89-772A-4E54-B65D-695CB94A6365}.Release|Any CPU.Build.0 = Release|Any CPU
		{29E18684-4C67-482D-B93A-B3E4FB92A4B4}.Debug|Any CPU.ActiveCfg = Debug|Any CPU
		{29E18684-4C67-482D-B93A-B3E4FB92A4B4}.Debug|Any CPU.Build.0 = Debug|Any CPU
		{29E18684-4C67-482D-B93A-B3E4FB92A4B4}.Release|Any CPU.ActiveCfg = Release|Any CPU
		{29E18684-4C67-482D-B93A-B3E4FB92A4B4}.Release|Any CPU.Build.0 = Release|Any CPU
		{6DF75DDB-6161-4BDE-B186-8EED10CE9E13}.Debug|Any CPU.ActiveCfg = Debug|Any CPU
		{6DF75DDB-6161-4BDE-B186-8EED10CE9E13}.Debug|Any CPU.Build.0 = Debug|Any CPU
		{6DF75DDB-6161-4BDE-B186-8EED10CE9E13}.Release|Any CPU.ActiveCfg = Release|Any CPU
		{6DF75DDB-6161-4BDE-B186-8EED10CE9E13}.Release|Any CPU.Build.0 = Release|Any CPU
		{090DFF88-D3BC-4B98-9BAA-0D58BD95909B}.Debug|Any CPU.ActiveCfg = Debug|Any CPU
		{090DFF88-D3BC-4B98-9BAA-0D58BD95909B}.Debug|Any CPU.Build.0 = Debug|Any CPU
		{090DFF88-D3BC-4B98-9BAA-0D58BD95909B}.Release|Any CPU.ActiveCfg = Release|Any CPU
		{090DFF88-D3BC-4B98-9BAA-0D58BD95909B}.Release|Any CPU.Build.0 = Release|Any CPU
		{717163EA-38C1-4CCE-980C-2544FF3EF1A3}.Debug|Any CPU.ActiveCfg = Debug|Any CPU
		{717163EA-38C1-4CCE-980C-2544FF3EF1A3}.Debug|Any CPU.Build.0 = Debug|Any CPU
		{717163EA-38C1-4CCE-980C-2544FF3EF1A3}.Release|Any CPU.ActiveCfg = Release|Any CPU
		{717163EA-38C1-4CCE-980C-2544FF3EF1A3}.Release|Any CPU.Build.0 = Release|Any CPU
		{D456997C-5708-4581-A06A-B5252175209D}.Debug|Any CPU.ActiveCfg = Debug|Any CPU
		{D456997C-5708-4581-A06A-B5252175209D}.Debug|Any CPU.Build.0 = Debug|Any CPU
		{D456997C-5708-4581-A06A-B5252175209D}.Release|Any CPU.ActiveCfg = Release|Any CPU
		{D456997C-5708-4581-A06A-B5252175209D}.Release|Any CPU.Build.0 = Release|Any CPU
	EndGlobalSection
	GlobalSection(SolutionProperties) = preSolution
		HideSolutionNode = FALSE
	EndGlobalSection
EndGlobal
