
Microsoft Visual Studio Solution File, Format Version 12.00
# Visual Studio 14
VisualStudioVersion = 14.0.25420.1
MinimumVisualStudioVersion = 10.0.40219.1
Project("{FAE04EC0-301F-11D3-BF4B-00C04F79EFBC}") = "01. Fishland", "01. Fishland\01. Fishland.csproj", "{1E92C638-CBEB-458A-8F56-A1FE6E449905}"
EndProject
Project("{FAE04EC0-301F-11D3-BF4B-00C04F79EFBC}") = "02. Pets", "02. Pets\02. Pets.csproj", "{9DF7329C-6333-40F0-8437-C8F0DD4F0AEE}"
EndProject
Project("{FAE04EC0-301F-11D3-BF4B-00C04F79EFBC}") = "03. Vacation", "03. Vacation\03. Vacation.csproj", "{60535AF8-F606-4359-AAA3-B32A8F051507}"
EndProject
Project("{FAE04EC0-301F-11D3-BF4B-00C04F79EFBC}") = "04. SoftUni Camp", "04. SoftUni Camp\04. SoftUni Camp.csproj", "{10427EC7-6ABB-47C6-891E-270625281CD1}"
EndProject
Project("{FAE04EC0-301F-11D3-BF4B-00C04F79EFBC}") = "05. Fox", "05. Fox\05. Fox.csproj", "{0ABA88FF-4D7E-4D20-AFE9-5E64E5DA1BAF}"
EndProject
Project("{FAE04EC0-301F-11D3-BF4B-00C04F79EFBC}") = "06. Battles", "06. Battles\06. Battles.csproj", "{5F74B241-0EEB-4921-8EAD-E9CBC98106A2}"
EndProject
Global
	GlobalSection(SolutionConfigurationPlatforms) = preSolution
		Debug|Any CPU = Debug|Any CPU
		Release|Any CPU = Release|Any CPU
	EndGlobalSection
	GlobalSection(ProjectConfigurationPlatforms) = postSolution
		{1E92C638-CBEB-458A-8F56-A1FE6E449905}.Debug|Any CPU.ActiveCfg = Debug|Any CPU
		{1E92C638-CBEB-458A-8F56-A1FE6E449905}.Debug|Any CPU.Build.0 = Debug|Any CPU
		{1E92C638-CBEB-458A-8F56-A1FE6E449905}.Release|Any CPU.ActiveCfg = Release|Any CPU
		{1E92C638-CBEB-458A-8F56-A1FE6E449905}.Release|Any CPU.Build.0 = Release|Any CPU
		{9DF7329C-6333-40F0-8437-C8F0DD4F0AEE}.Debug|Any CPU.ActiveCfg = Debug|Any CPU
		{9DF7329C-6333-40F0-8437-C8F0DD4F0AEE}.Debug|Any CPU.Build.0 = Debug|Any CPU
		{9DF7329C-6333-40F0-8437-C8F0DD4F0AEE}.Release|Any CPU.ActiveCfg = Release|Any CPU
		{9DF7329C-6333-40F0-8437-C8F0DD4F0AEE}.Release|Any CPU.Build.0 = Release|Any CPU
		{60535AF8-F606-4359-AAA3-B32A8F051507}.Debug|Any CPU.ActiveCfg = Debug|Any CPU
		{60535AF8-F606-4359-AAA3-B32A8F051507}.Debug|Any CPU.Build.0 = Debug|Any CPU
		{60535AF8-F606-4359-AAA3-B32A8F051507}.Release|Any CPU.ActiveCfg = Release|Any CPU
		{60535AF8-F606-4359-AAA3-B32A8F051507}.Release|Any CPU.Build.0 = Release|Any CPU
		{10427EC7-6ABB-47C6-891E-270625281CD1}.Debug|Any CPU.ActiveCfg = Debug|Any CPU
		{10427EC7-6ABB-47C6-891E-270625281CD1}.Debug|Any CPU.Build.0 = Debug|Any CPU
		{10427EC7-6ABB-47C6-891E-270625281CD1}.Release|Any CPU.ActiveCfg = Release|Any CPU
		{10427EC7-6ABB-47C6-891E-270625281CD1}.Release|Any CPU.Build.0 = Release|Any CPU
		{0ABA88FF-4D7E-4D20-AFE9-5E64E5DA1BAF}.Debug|Any CPU.ActiveCfg = Debug|Any CPU
		{0ABA88FF-4D7E-4D20-AFE9-5E64E5DA1BAF}.Debug|Any CPU.Build.0 = Debug|Any CPU
		{0ABA88FF-4D7E-4D20-AFE9-5E64E5DA1BAF}.Release|Any CPU.ActiveCfg = Release|Any CPU
		{0ABA88FF-4D7E-4D20-AFE9-5E64E5DA1BAF}.Release|Any CPU.Build.0 = Release|Any CPU
		{5F74B241-0EEB-4921-8EAD-E9CBC98106A2}.Debug|Any CPU.ActiveCfg = Debug|Any CPU
		{5F74B241-0EEB-4921-8EAD-E9CBC98106A2}.Debug|Any CPU.Build.0 = Debug|Any CPU
		{5F74B241-0EEB-4921-8EAD-E9CBC98106A2}.Release|Any CPU.ActiveCfg = Release|Any CPU
		{5F74B241-0EEB-4921-8EAD-E9CBC98106A2}.Release|Any CPU.Build.0 = Release|Any CPU
	EndGlobalSection
	GlobalSection(SolutionProperties) = preSolution
		HideSolutionNode = FALSE
	EndGlobalSection
EndGlobal
