
Microsoft Visual Studio Solution File, Format Version 12.00
# Visual Studio 15
VisualStudioVersion = 15.0.27130.2010
MinimumVisualStudioVersion = 10.0.40219.1
Project("{FAE04EC0-301F-11D3-BF4B-00C04F79EFBC}") = "01.BankAccount", "01.BankAccount\01.BankAccount.csproj", "{0D7E21D3-DCA7-4A11-A343-228C751D70A5}"
EndProject
Global
	GlobalSection(SolutionConfigurationPlatforms) = preSolution
		Debug|Any CPU = Debug|Any CPU
		Release|Any CPU = Release|Any CPU
	EndGlobalSection
	GlobalSection(ProjectConfigurationPlatforms) = postSolution
		{0D7E21D3-DCA7-4A11-A343-228C751D70A5}.Debug|Any CPU.ActiveCfg = Debug|Any CPU
		{0D7E21D3-DCA7-4A11-A343-228C751D70A5}.Debug|Any CPU.Build.0 = Debug|Any CPU
		{0D7E21D3-DCA7-4A11-A343-228C751D70A5}.Release|Any CPU.ActiveCfg = Release|Any CPU
		{0D7E21D3-DCA7-4A11-A343-228C751D70A5}.Release|Any CPU.Build.0 = Release|Any CPU
	EndGlobalSection
	GlobalSection(SolutionProperties) = preSolution
		HideSolutionNode = FALSE
	EndGlobalSection
	GlobalSection(ExtensibilityGlobals) = postSolution
		SolutionGuid = {33267C40-9377-4E86-BA4E-5EA44327B604}
	EndGlobalSection
EndGlobal
