
Microsoft Visual Studio Solution File, Format Version 12.00
# Visual Studio 15
VisualStudioVersion = 15.0.26430.6
MinimumVisualStudioVersion = 10.0.40219.1
Project("{FAE04EC0-301F-11D3-BF4B-00C04F79EFBC}") = "FishStatistics", "FishStatistics\FishStatistics.csproj", "{FD64711B-94DF-46FB-8E03-604073FBB12B}"
EndProject
Project("{FAE04EC0-301F-11D3-BF4B-00C04F79EFBC}") = "WordЕncounter", "WordЕncounter\WordЕncounter.csproj", "{562F0744-C1E6-4587-AA3E-EA4B31680935}"
EndProject
Global
	GlobalSection(SolutionConfigurationPlatforms) = preSolution
		Debug|Any CPU = Debug|Any CPU
		Release|Any CPU = Release|Any CPU
	EndGlobalSection
	GlobalSection(ProjectConfigurationPlatforms) = postSolution
		{FD64711B-94DF-46FB-8E03-604073FBB12B}.Debug|Any CPU.ActiveCfg = Debug|Any CPU
		{FD64711B-94DF-46FB-8E03-604073FBB12B}.Debug|Any CPU.Build.0 = Debug|Any CPU
		{FD64711B-94DF-46FB-8E03-604073FBB12B}.Release|Any CPU.ActiveCfg = Release|Any CPU
		{FD64711B-94DF-46FB-8E03-604073FBB12B}.Release|Any CPU.Build.0 = Release|Any CPU
		{562F0744-C1E6-4587-AA3E-EA4B31680935}.Debug|Any CPU.ActiveCfg = Debug|Any CPU
		{562F0744-C1E6-4587-AA3E-EA4B31680935}.Debug|Any CPU.Build.0 = Debug|Any CPU
		{562F0744-C1E6-4587-AA3E-EA4B31680935}.Release|Any CPU.ActiveCfg = Release|Any CPU
		{562F0744-C1E6-4587-AA3E-EA4B31680935}.Release|Any CPU.Build.0 = Release|Any CPU
	EndGlobalSection
	GlobalSection(SolutionProperties) = preSolution
		HideSolutionNode = FALSE
	EndGlobalSection
EndGlobal
