
Microsoft Visual Studio Solution File, Format Version 12.00
# Visual Studio 15
VisualStudioVersion = 15.0.27130.2010
MinimumVisualStudioVersion = 10.0.40219.1
Project("{FAE04EC0-301F-11D3-BF4B-00C04F79EFBC}") = "1.Matrix of Palindromes", "1.Matrix of Palindromes\1.Matrix of Palindromes.csproj", "{D9D66340-6689-4C4B-B56E-98F6A9C509C4}"
EndProject
Project("{FAE04EC0-301F-11D3-BF4B-00C04F79EFBC}") = "5.Rubiks Matrix", "5.Rubiks Matrix\5.Rubiks Matrix.csproj", "{DBAD5A76-271B-44F6-972C-9BCE5D62534C}"
EndProject
Project("{FAE04EC0-301F-11D3-BF4B-00C04F79EFBC}") = "2. Diagonal Difference", "2. Diagonal Difference\2. Diagonal Difference.csproj", "{CD15EF24-9A93-4D1B-949B-765E168AE70A}"
EndProject
Project("{FAE04EC0-301F-11D3-BF4B-00C04F79EFBC}") = "3. Squares in Matrix", "3. Squares in Matrix\3. Squares in Matrix.csproj", "{F96C97BF-6438-49AF-AC13-7B42CE596A5E}"
EndProject
Project("{FAE04EC0-301F-11D3-BF4B-00C04F79EFBC}") = "4. Maximal Sum", "4. Maximal Sum\4. Maximal Sum.csproj", "{C5FF5FDD-496E-4302-88C9-C890711B77B7}"
EndProject
Project("{FAE04EC0-301F-11D3-BF4B-00C04F79EFBC}") = "6. Target Practice", "6. Target Practice\6. Target Practice.csproj", "{322E16DF-51D8-4C07-AC84-487FA6E2A1A8}"
EndProject
Project("{FAE04EC0-301F-11D3-BF4B-00C04F79EFBC}") = "7. Lego Blocks", "7. Lego Blocks\7. Lego Blocks.csproj", "{04BB656A-1AF8-47A7-88C6-577994A45A71}"
EndProject
Project("{FAE04EC0-301F-11D3-BF4B-00C04F79EFBC}") = "8. Radioactive Bunnies", "8. Radioactive Bunnies\8. Radioactive Bunnies.csproj", "{D8CAA04D-EB39-4AB6-A53E-AB02204B7F71}"
EndProject
Project("{FAE04EC0-301F-11D3-BF4B-00C04F79EFBC}") = "9. Crossfire", "9. Crossfire\9. Crossfire.csproj", "{B8FAF8FD-59A8-4A75-9D44-5FA528FB427B}"
EndProject
Project("{FAE04EC0-301F-11D3-BF4B-00C04F79EFBC}") = "10. The Heigan Dance", "10. The Heigan Dance\10. The Heigan Dance.csproj", "{A0C9989B-1A49-4E91-A526-884E0F8B2B3D}"
EndProject
Project("{FAE04EC0-301F-11D3-BF4B-00C04F79EFBC}") = "11. Parking System", "11. Parking System\11. Parking System.csproj", "{4CCE6ECB-6DE6-4D3A-8E69-2667B07D1639}"
EndProject
Project("{FAE04EC0-301F-11D3-BF4B-00C04F79EFBC}") = "12. String Matrix Rotation", "12. String Matrix Rotation\12. String Matrix Rotation.csproj", "{4772A787-9FD8-442F-9E94-F2047E252FBC}"
EndProject
Global
	GlobalSection(SolutionConfigurationPlatforms) = preSolution
		Debug|Any CPU = Debug|Any CPU
		Release|Any CPU = Release|Any CPU
	EndGlobalSection
	GlobalSection(ProjectConfigurationPlatforms) = postSolution
		{D9D66340-6689-4C4B-B56E-98F6A9C509C4}.Debug|Any CPU.ActiveCfg = Debug|Any CPU
		{D9D66340-6689-4C4B-B56E-98F6A9C509C4}.Debug|Any CPU.Build.0 = Debug|Any CPU
		{D9D66340-6689-4C4B-B56E-98F6A9C509C4}.Release|Any CPU.ActiveCfg = Release|Any CPU
		{D9D66340-6689-4C4B-B56E-98F6A9C509C4}.Release|Any CPU.Build.0 = Release|Any CPU
		{DBAD5A76-271B-44F6-972C-9BCE5D62534C}.Debug|Any CPU.ActiveCfg = Debug|Any CPU
		{DBAD5A76-271B-44F6-972C-9BCE5D62534C}.Debug|Any CPU.Build.0 = Debug|Any CPU
		{DBAD5A76-271B-44F6-972C-9BCE5D62534C}.Release|Any CPU.ActiveCfg = Release|Any CPU
		{DBAD5A76-271B-44F6-972C-9BCE5D62534C}.Release|Any CPU.Build.0 = Release|Any CPU
		{CD15EF24-9A93-4D1B-949B-765E168AE70A}.Debug|Any CPU.ActiveCfg = Debug|Any CPU
		{CD15EF24-9A93-4D1B-949B-765E168AE70A}.Debug|Any CPU.Build.0 = Debug|Any CPU
		{CD15EF24-9A93-4D1B-949B-765E168AE70A}.Release|Any CPU.ActiveCfg = Release|Any CPU
		{CD15EF24-9A93-4D1B-949B-765E168AE70A}.Release|Any CPU.Build.0 = Release|Any CPU
		{F96C97BF-6438-49AF-AC13-7B42CE596A5E}.Debug|Any CPU.ActiveCfg = Debug|Any CPU
		{F96C97BF-6438-49AF-AC13-7B42CE596A5E}.Debug|Any CPU.Build.0 = Debug|Any CPU
		{F96C97BF-6438-49AF-AC13-7B42CE596A5E}.Release|Any CPU.ActiveCfg = Release|Any CPU
		{F96C97BF-6438-49AF-AC13-7B42CE596A5E}.Release|Any CPU.Build.0 = Release|Any CPU
		{C5FF5FDD-496E-4302-88C9-C890711B77B7}.Debug|Any CPU.ActiveCfg = Debug|Any CPU
		{C5FF5FDD-496E-4302-88C9-C890711B77B7}.Debug|Any CPU.Build.0 = Debug|Any CPU
		{C5FF5FDD-496E-4302-88C9-C890711B77B7}.Release|Any CPU.ActiveCfg = Release|Any CPU
		{C5FF5FDD-496E-4302-88C9-C890711B77B7}.Release|Any CPU.Build.0 = Release|Any CPU
		{322E16DF-51D8-4C07-AC84-487FA6E2A1A8}.Debug|Any CPU.ActiveCfg = Debug|Any CPU
		{322E16DF-51D8-4C07-AC84-487FA6E2A1A8}.Debug|Any CPU.Build.0 = Debug|Any CPU
		{322E16DF-51D8-4C07-AC84-487FA6E2A1A8}.Release|Any CPU.ActiveCfg = Release|Any CPU
		{322E16DF-51D8-4C07-AC84-487FA6E2A1A8}.Release|Any CPU.Build.0 = Release|Any CPU
		{04BB656A-1AF8-47A7-88C6-577994A45A71}.Debug|Any CPU.ActiveCfg = Debug|Any CPU
		{04BB656A-1AF8-47A7-88C6-577994A45A71}.Debug|Any CPU.Build.0 = Debug|Any CPU
		{04BB656A-1AF8-47A7-88C6-577994A45A71}.Release|Any CPU.ActiveCfg = Release|Any CPU
		{04BB656A-1AF8-47A7-88C6-577994A45A71}.Release|Any CPU.Build.0 = Release|Any CPU
		{D8CAA04D-EB39-4AB6-A53E-AB02204B7F71}.Debug|Any CPU.ActiveCfg = Debug|Any CPU
		{D8CAA04D-EB39-4AB6-A53E-AB02204B7F71}.Debug|Any CPU.Build.0 = Debug|Any CPU
		{D8CAA04D-EB39-4AB6-A53E-AB02204B7F71}.Release|Any CPU.ActiveCfg = Release|Any CPU
		{D8CAA04D-EB39-4AB6-A53E-AB02204B7F71}.Release|Any CPU.Build.0 = Release|Any CPU
		{B8FAF8FD-59A8-4A75-9D44-5FA528FB427B}.Debug|Any CPU.ActiveCfg = Debug|Any CPU
		{B8FAF8FD-59A8-4A75-9D44-5FA528FB427B}.Debug|Any CPU.Build.0 = Debug|Any CPU
		{B8FAF8FD-59A8-4A75-9D44-5FA528FB427B}.Release|Any CPU.ActiveCfg = Release|Any CPU
		{B8FAF8FD-59A8-4A75-9D44-5FA528FB427B}.Release|Any CPU.Build.0 = Release|Any CPU
		{A0C9989B-1A49-4E91-A526-884E0F8B2B3D}.Debug|Any CPU.ActiveCfg = Debug|Any CPU
		{A0C9989B-1A49-4E91-A526-884E0F8B2B3D}.Debug|Any CPU.Build.0 = Debug|Any CPU
		{A0C9989B-1A49-4E91-A526-884E0F8B2B3D}.Release|Any CPU.ActiveCfg = Release|Any CPU
		{A0C9989B-1A49-4E91-A526-884E0F8B2B3D}.Release|Any CPU.Build.0 = Release|Any CPU
		{4CCE6ECB-6DE6-4D3A-8E69-2667B07D1639}.Debug|Any CPU.ActiveCfg = Debug|Any CPU
		{4CCE6ECB-6DE6-4D3A-8E69-2667B07D1639}.Debug|Any CPU.Build.0 = Debug|Any CPU
		{4CCE6ECB-6DE6-4D3A-8E69-2667B07D1639}.Release|Any CPU.ActiveCfg = Release|Any CPU
		{4CCE6ECB-6DE6-4D3A-8E69-2667B07D1639}.Release|Any CPU.Build.0 = Release|Any CPU
		{4772A787-9FD8-442F-9E94-F2047E252FBC}.Debug|Any CPU.ActiveCfg = Debug|Any CPU
		{4772A787-9FD8-442F-9E94-F2047E252FBC}.Debug|Any CPU.Build.0 = Debug|Any CPU
		{4772A787-9FD8-442F-9E94-F2047E252FBC}.Release|Any CPU.ActiveCfg = Release|Any CPU
		{4772A787-9FD8-442F-9E94-F2047E252FBC}.Release|Any CPU.Build.0 = Release|Any CPU
	EndGlobalSection
	GlobalSection(SolutionProperties) = preSolution
		HideSolutionNode = FALSE
	EndGlobalSection
	GlobalSection(ExtensibilityGlobals) = postSolution
		SolutionGuid = {8BA9E5FB-4C0E-4FAF-A6EC-39DCCEDD0C05}
	EndGlobalSection
EndGlobal
