
Microsoft Visual Studio Solution File, Format Version 12.00
# Visual Studio 15
VisualStudioVersion = 15.0.26430.16
MinimumVisualStudioVersion = 10.0.40219.1
Project("{FAE04EC0-301F-11D3-BF4B-00C04F79EFBC}") = "01. Softuni Coffee Orders", "SoftuniCoffeeOrders\01. Softuni Coffee Orders.csproj", "{652BF21D-B8F6-41FD-858F-7904A2A75C8B}"
EndProject
Project("{FAE04EC0-301F-11D3-BF4B-00C04F79EFBC}") = "02. Command Interpreter", "CommandInterpreter\02. Command Interpreter.csproj", "{B96910D1-D461-4AE6-8133-1F193755EA2B}"
EndProject
Project("{FAE04EC0-301F-11D3-BF4B-00C04F79EFBC}") = "03. Rage Quit", "RageQuit\03. Rage Quit.csproj", "{CE8ECB00-F8CD-4494-9D5E-BBC33F8F6B82}"
EndProject
Project("{FAE04EC0-301F-11D3-BF4B-00C04F79EFBC}") = "04. Files", "Files\04. Files.csproj", "{609D1C6D-0132-4284-8386-69FFCE1D05FB}"
EndProject
Global
	GlobalSection(SolutionConfigurationPlatforms) = preSolution
		Debug|Any CPU = Debug|Any CPU
		Release|Any CPU = Release|Any CPU
	EndGlobalSection
	GlobalSection(ProjectConfigurationPlatforms) = postSolution
		{652BF21D-B8F6-41FD-858F-7904A2A75C8B}.Debug|Any CPU.ActiveCfg = Debug|Any CPU
		{652BF21D-B8F6-41FD-858F-7904A2A75C8B}.Debug|Any CPU.Build.0 = Debug|Any CPU
		{652BF21D-B8F6-41FD-858F-7904A2A75C8B}.Release|Any CPU.ActiveCfg = Release|Any CPU
		{652BF21D-B8F6-41FD-858F-7904A2A75C8B}.Release|Any CPU.Build.0 = Release|Any CPU
		{B96910D1-D461-4AE6-8133-1F193755EA2B}.Debug|Any CPU.ActiveCfg = Debug|Any CPU
		{B96910D1-D461-4AE6-8133-1F193755EA2B}.Debug|Any CPU.Build.0 = Debug|Any CPU
		{B96910D1-D461-4AE6-8133-1F193755EA2B}.Release|Any CPU.ActiveCfg = Release|Any CPU
		{B96910D1-D461-4AE6-8133-1F193755EA2B}.Release|Any CPU.Build.0 = Release|Any CPU
		{CE8ECB00-F8CD-4494-9D5E-BBC33F8F6B82}.Debug|Any CPU.ActiveCfg = Debug|Any CPU
		{CE8ECB00-F8CD-4494-9D5E-BBC33F8F6B82}.Debug|Any CPU.Build.0 = Debug|Any CPU
		{CE8ECB00-F8CD-4494-9D5E-BBC33F8F6B82}.Release|Any CPU.ActiveCfg = Release|Any CPU
		{CE8ECB00-F8CD-4494-9D5E-BBC33F8F6B82}.Release|Any CPU.Build.0 = Release|Any CPU
		{609D1C6D-0132-4284-8386-69FFCE1D05FB}.Debug|Any CPU.ActiveCfg = Debug|Any CPU
		{609D1C6D-0132-4284-8386-69FFCE1D05FB}.Debug|Any CPU.Build.0 = Debug|Any CPU
		{609D1C6D-0132-4284-8386-69FFCE1D05FB}.Release|Any CPU.ActiveCfg = Release|Any CPU
		{609D1C6D-0132-4284-8386-69FFCE1D05FB}.Release|Any CPU.Build.0 = Release|Any CPU
	EndGlobalSection
	GlobalSection(SolutionProperties) = preSolution
		HideSolutionNode = FALSE
	EndGlobalSection
EndGlobal
