
Microsoft Visual Studio Solution File, Format Version 12.00
# Visual Studio 15
VisualStudioVersion = 15.0.26430.6
MinimumVisualStudioVersion = 10.0.40219.1
Project("{FAE04EC0-301F-11D3-BF4B-00C04F79EFBC}") = "01. RemoveElementsAtOddPositions", "RemoveElementsAtOddPositions\01. RemoveElementsAtOddPositions.csproj", "{E9EA7DCC-A3C3-4C12-B376-E02AB30F39A7}"
EndProject
Project("{FAE04EC0-301F-11D3-BF4B-00C04F79EFBC}") = "02. TrackDownloader", "TrackDownloader\02. TrackDownloader.csproj", "{39E45961-0A9D-47CF-9B9A-0F20ED003153}"
EndProject
Project("{FAE04EC0-301F-11D3-BF4B-00C04F79EFBC}") = "03. EqualSumAfterExtraction", "EqualSumAfterExtraction\03. EqualSumAfterExtraction.csproj", "{9E88D73A-8A97-41E9-B751-D7361E65B01C}"
EndProject
Project("{FAE04EC0-301F-11D3-BF4B-00C04F79EFBC}") = "04. FlipListSides", "FlipListSides\04. FlipListSides.csproj", "{E95B9C82-1E8D-48BA-BCA0-14543E3C5AA4}"
EndProject
Project("{FAE04EC0-301F-11D3-BF4B-00C04F79EFBC}") = "05. TearListInHalf", "TearListInHalf\05. TearListInHalf.csproj", "{B9345224-2F76-4A2D-A0B8-793F01CBBC51}"
EndProject
Global
	GlobalSection(SolutionConfigurationPlatforms) = preSolution
		Debug|Any CPU = Debug|Any CPU
		Release|Any CPU = Release|Any CPU
	EndGlobalSection
	GlobalSection(ProjectConfigurationPlatforms) = postSolution
		{E9EA7DCC-A3C3-4C12-B376-E02AB30F39A7}.Debug|Any CPU.ActiveCfg = Debug|Any CPU
		{E9EA7DCC-A3C3-4C12-B376-E02AB30F39A7}.Debug|Any CPU.Build.0 = Debug|Any CPU
		{E9EA7DCC-A3C3-4C12-B376-E02AB30F39A7}.Release|Any CPU.ActiveCfg = Release|Any CPU
		{E9EA7DCC-A3C3-4C12-B376-E02AB30F39A7}.Release|Any CPU.Build.0 = Release|Any CPU
		{39E45961-0A9D-47CF-9B9A-0F20ED003153}.Debug|Any CPU.ActiveCfg = Debug|Any CPU
		{39E45961-0A9D-47CF-9B9A-0F20ED003153}.Debug|Any CPU.Build.0 = Debug|Any CPU
		{39E45961-0A9D-47CF-9B9A-0F20ED003153}.Release|Any CPU.ActiveCfg = Release|Any CPU
		{39E45961-0A9D-47CF-9B9A-0F20ED003153}.Release|Any CPU.Build.0 = Release|Any CPU
		{9E88D73A-8A97-41E9-B751-D7361E65B01C}.Debug|Any CPU.ActiveCfg = Debug|Any CPU
		{9E88D73A-8A97-41E9-B751-D7361E65B01C}.Debug|Any CPU.Build.0 = Debug|Any CPU
		{9E88D73A-8A97-41E9-B751-D7361E65B01C}.Release|Any CPU.ActiveCfg = Release|Any CPU
		{9E88D73A-8A97-41E9-B751-D7361E65B01C}.Release|Any CPU.Build.0 = Release|Any CPU
		{E95B9C82-1E8D-48BA-BCA0-14543E3C5AA4}.Debug|Any CPU.ActiveCfg = Debug|Any CPU
		{E95B9C82-1E8D-48BA-BCA0-14543E3C5AA4}.Debug|Any CPU.Build.0 = Debug|Any CPU
		{E95B9C82-1E8D-48BA-BCA0-14543E3C5AA4}.Release|Any CPU.ActiveCfg = Release|Any CPU
		{E95B9C82-1E8D-48BA-BCA0-14543E3C5AA4}.Release|Any CPU.Build.0 = Release|Any CPU
		{B9345224-2F76-4A2D-A0B8-793F01CBBC51}.Debug|Any CPU.ActiveCfg = Debug|Any CPU
		{B9345224-2F76-4A2D-A0B8-793F01CBBC51}.Debug|Any CPU.Build.0 = Debug|Any CPU
		{B9345224-2F76-4A2D-A0B8-793F01CBBC51}.Release|Any CPU.ActiveCfg = Release|Any CPU
		{B9345224-2F76-4A2D-A0B8-793F01CBBC51}.Release|Any CPU.Build.0 = Release|Any CPU
	EndGlobalSection
	GlobalSection(SolutionProperties) = preSolution
		HideSolutionNode = FALSE
	EndGlobalSection
EndGlobal
