
Microsoft Visual Studio Solution File, Format Version 12.00
# Visual Studio 15
VisualStudioVersion = 15.0.26430.6
MinimumVisualStudioVersion = 10.0.40219.1
Project("{FAE04EC0-301F-11D3-BF4B-00C04F79EFBC}") = "01. Hello, Name!", "Hello, Name!\01. Hello, Name!.csproj", "{6584788D-B89F-4127-82ED-33F705EF5434}"
EndProject
Project("{FAE04EC0-301F-11D3-BF4B-00C04F79EFBC}") = "02. MinMethod", "MinMethod\02. MinMethod.csproj", "{423E5170-467D-4216-86ED-3C94CF770201}"
EndProject
Project("{FAE04EC0-301F-11D3-BF4B-00C04F79EFBC}") = "15. CountOfCapitalLettersInArray", "CountOfCapitalLettersInArray\15. CountOfCapitalLettersInArray.csproj", "{1174484C-6CE4-4FD5-8094-55BE761E1D0E}"
EndProject
Project("{FAE04EC0-301F-11D3-BF4B-00C04F79EFBC}") = "14. EqualSequenceOfElementsInArray", "EqualSequenceOfElementsInArray\14. EqualSequenceOfElementsInArray.csproj", "{85FDAA5F-1B68-4D94-AC10-6D3E81023F3A}"
EndProject
Project("{FAE04EC0-301F-11D3-BF4B-00C04F79EFBC}") = "13. IncreasingSequenceOfElements", "IncreasingSequenceOfElements\13. IncreasingSequenceOfElements.csproj", "{64EE29EF-28EA-41F6-883F-EAE99442EC6E}"
EndProject
Project("{FAE04EC0-301F-11D3-BF4B-00C04F79EFBC}") = "16. ArraySymmetry", "ArraySymmetry\16. ArraySymmetry.csproj", "{809EEDD9-AB3B-41FE-A931-C6CC1EAA771C}"
EndProject
Project("{FAE04EC0-301F-11D3-BF4B-00C04F79EFBC}") = "09. LargestElementInArray", "09. LargestElementInArray\09. LargestElementInArray.csproj", "{A1BB019D-4087-42FA-BC4C-2C9C18CBBA57}"
EndProject
Project("{FAE04EC0-301F-11D3-BF4B-00C04F79EFBC}") = "10. CountOfNegativeElementsInArray", "CountOfNegativeElementsInArray\10. CountOfNegativeElementsInArray.csproj", "{21A2F210-200C-42FC-9157-72B1E7982E55}"
EndProject
Project("{FAE04EC0-301F-11D3-BF4B-00C04F79EFBC}") = "11. CountOfGivenElementInArray", "CountOfGivenElementInArray\11. CountOfGivenElementInArray.csproj", "{C8EAAB23-4C5A-476D-BC71-D8CA16BC239D}"
EndProject
Project("{FAE04EC0-301F-11D3-BF4B-00C04F79EFBC}") = "03. StringRepeater", "StringRepeater\03. StringRepeater.csproj", "{D5E065A3-1694-4012-89AF-0B29357721A2}"
EndProject
Project("{FAE04EC0-301F-11D3-BF4B-00C04F79EFBC}") = "04. NthDigit", "NthDigit\04. NthDigit.csproj", "{3AF54852-766B-429B-824A-923FE9A8B46E}"
EndProject
Project("{FAE04EC0-301F-11D3-BF4B-00C04F79EFBC}") = "05. IntegerToBase", "IntegerToBase\05. IntegerToBase.csproj", "{EE6B4A26-C53C-4DB9-9CF2-F55C0104BF5E}"
EndProject
Project("{FAE04EC0-301F-11D3-BF4B-00C04F79EFBC}") = "06. Notifications", "Notifications\06. Notifications.csproj", "{0D288B6E-CA19-487C-B211-46076FC7C06C}"
EndProject
Project("{FAE04EC0-301F-11D3-BF4B-00C04F79EFBC}") = "12. CountOccurrencesOfLargerNumbersInArray", "CountOccurrencesOfLargerNumbersInArray\12. CountOccurrencesOfLargerNumbersInArray.csproj", "{4376BE55-3886-4752-8FAC-9DB48129A466}"
EndProject
Project("{FAE04EC0-301F-11D3-BF4B-00C04F79EFBC}") = "19. DebuggingExercise-TrickyStrings", "DebuggingExercise-TrickyStrings\19. DebuggingExercise-TrickyStrings.csproj", "{14B573AE-7EF7-45E6-86BE-4B5EF73771C5}"
EndProject
Project("{FAE04EC0-301F-11D3-BF4B-00C04F79EFBC}") = "20. DebuggingExercise-TriangleFormations", "DebuggingExercise-TriangleFormations\20. DebuggingExercise-TriangleFormations.csproj", "{17266605-B093-44A4-85D9-CCE0299FC10D}"
EndProject
Project("{FAE04EC0-301F-11D3-BF4B-00C04F79EFBC}") = "21. DebuggingExercise-Tetris", "DebuggingExercise-Tetris\21. DebuggingExercise-Tetris.csproj", "{BDA9A2D4-6242-455A-A3F2-144823B0E6BB}"
EndProject
Project("{FAE04EC0-301F-11D3-BF4B-00C04F79EFBC}") = "07. NumbersToWords", "NumbersToWords\07. NumbersToWords.csproj", "{2E68560B-5D52-4552-ACF8-E10B0FC16AC3}"
EndProject
Project("{FAE04EC0-301F-11D3-BF4B-00C04F79EFBC}") = "08. StringEncryption", "StringEncryption\08. StringEncryption.csproj", "{6E914DF9-34DC-4BF5-BAF7-C74F79A5C86B}"
EndProject
Project("{FAE04EC0-301F-11D3-BF4B-00C04F79EFBC}") = "17. Altitude", "Altitude\17. Altitude.csproj", "{61E367AD-BC89-475B-A640-47C06965CB41}"
EndProject
Project("{FAE04EC0-301F-11D3-BF4B-00C04F79EFBC}") = "18. BallisticsTraining", "BallisticsTraining\18. BallisticsTraining.csproj", "{D2EDD9EF-52E5-4BEB-AB44-DE3BFA25EAB5}"
EndProject
Project("{FAE04EC0-301F-11D3-BF4B-00C04F79EFBC}") = "22. DebuggingExercise-MiningCoins", "DebuggingExercise-MiningCoins\22. DebuggingExercise-MiningCoins.csproj", "{D19DC5FD-4644-443F-9490-7893C893350B}"
EndProject
Global
	GlobalSection(SolutionConfigurationPlatforms) = preSolution
		Debug|Any CPU = Debug|Any CPU
		Release|Any CPU = Release|Any CPU
	EndGlobalSection
	GlobalSection(ProjectConfigurationPlatforms) = postSolution
		{6584788D-B89F-4127-82ED-33F705EF5434}.Debug|Any CPU.ActiveCfg = Debug|Any CPU
		{6584788D-B89F-4127-82ED-33F705EF5434}.Debug|Any CPU.Build.0 = Debug|Any CPU
		{6584788D-B89F-4127-82ED-33F705EF5434}.Release|Any CPU.ActiveCfg = Release|Any CPU
		{6584788D-B89F-4127-82ED-33F705EF5434}.Release|Any CPU.Build.0 = Release|Any CPU
		{423E5170-467D-4216-86ED-3C94CF770201}.Debug|Any CPU.ActiveCfg = Debug|Any CPU
		{423E5170-467D-4216-86ED-3C94CF770201}.Debug|Any CPU.Build.0 = Debug|Any CPU
		{423E5170-467D-4216-86ED-3C94CF770201}.Release|Any CPU.ActiveCfg = Release|Any CPU
		{423E5170-467D-4216-86ED-3C94CF770201}.Release|Any CPU.Build.0 = Release|Any CPU
		{1174484C-6CE4-4FD5-8094-55BE761E1D0E}.Debug|Any CPU.ActiveCfg = Debug|Any CPU
		{1174484C-6CE4-4FD5-8094-55BE761E1D0E}.Debug|Any CPU.Build.0 = Debug|Any CPU
		{1174484C-6CE4-4FD5-8094-55BE761E1D0E}.Release|Any CPU.ActiveCfg = Release|Any CPU
		{1174484C-6CE4-4FD5-8094-55BE761E1D0E}.Release|Any CPU.Build.0 = Release|Any CPU
		{85FDAA5F-1B68-4D94-AC10-6D3E81023F3A}.Debug|Any CPU.ActiveCfg = Debug|Any CPU
		{85FDAA5F-1B68-4D94-AC10-6D3E81023F3A}.Debug|Any CPU.Build.0 = Debug|Any CPU
		{85FDAA5F-1B68-4D94-AC10-6D3E81023F3A}.Release|Any CPU.ActiveCfg = Release|Any CPU
		{85FDAA5F-1B68-4D94-AC10-6D3E81023F3A}.Release|Any CPU.Build.0 = Release|Any CPU
		{64EE29EF-28EA-41F6-883F-EAE99442EC6E}.Debug|Any CPU.ActiveCfg = Debug|Any CPU
		{64EE29EF-28EA-41F6-883F-EAE99442EC6E}.Debug|Any CPU.Build.0 = Debug|Any CPU
		{64EE29EF-28EA-41F6-883F-EAE99442EC6E}.Release|Any CPU.ActiveCfg = Release|Any CPU
		{64EE29EF-28EA-41F6-883F-EAE99442EC6E}.Release|Any CPU.Build.0 = Release|Any CPU
		{809EEDD9-AB3B-41FE-A931-C6CC1EAA771C}.Debug|Any CPU.ActiveCfg = Debug|Any CPU
		{809EEDD9-AB3B-41FE-A931-C6CC1EAA771C}.Debug|Any CPU.Build.0 = Debug|Any CPU
		{809EEDD9-AB3B-41FE-A931-C6CC1EAA771C}.Release|Any CPU.ActiveCfg = Release|Any CPU
		{809EEDD9-AB3B-41FE-A931-C6CC1EAA771C}.Release|Any CPU.Build.0 = Release|Any CPU
		{A1BB019D-4087-42FA-BC4C-2C9C18CBBA57}.Debug|Any CPU.ActiveCfg = Debug|Any CPU
		{A1BB019D-4087-42FA-BC4C-2C9C18CBBA57}.Debug|Any CPU.Build.0 = Debug|Any CPU
		{A1BB019D-4087-42FA-BC4C-2C9C18CBBA57}.Release|Any CPU.ActiveCfg = Release|Any CPU
		{A1BB019D-4087-42FA-BC4C-2C9C18CBBA57}.Release|Any CPU.Build.0 = Release|Any CPU
		{21A2F210-200C-42FC-9157-72B1E7982E55}.Debug|Any CPU.ActiveCfg = Debug|Any CPU
		{21A2F210-200C-42FC-9157-72B1E7982E55}.Debug|Any CPU.Build.0 = Debug|Any CPU
		{21A2F210-200C-42FC-9157-72B1E7982E55}.Release|Any CPU.ActiveCfg = Release|Any CPU
		{21A2F210-200C-42FC-9157-72B1E7982E55}.Release|Any CPU.Build.0 = Release|Any CPU
		{C8EAAB23-4C5A-476D-BC71-D8CA16BC239D}.Debug|Any CPU.ActiveCfg = Debug|Any CPU
		{C8EAAB23-4C5A-476D-BC71-D8CA16BC239D}.Debug|Any CPU.Build.0 = Debug|Any CPU
		{C8EAAB23-4C5A-476D-BC71-D8CA16BC239D}.Release|Any CPU.ActiveCfg = Release|Any CPU
		{C8EAAB23-4C5A-476D-BC71-D8CA16BC239D}.Release|Any CPU.Build.0 = Release|Any CPU
		{D5E065A3-1694-4012-89AF-0B29357721A2}.Debug|Any CPU.ActiveCfg = Debug|Any CPU
		{D5E065A3-1694-4012-89AF-0B29357721A2}.Debug|Any CPU.Build.0 = Debug|Any CPU
		{D5E065A3-1694-4012-89AF-0B29357721A2}.Release|Any CPU.ActiveCfg = Release|Any CPU
		{D5E065A3-1694-4012-89AF-0B29357721A2}.Release|Any CPU.Build.0 = Release|Any CPU
		{3AF54852-766B-429B-824A-923FE9A8B46E}.Debug|Any CPU.ActiveCfg = Debug|Any CPU
		{3AF54852-766B-429B-824A-923FE9A8B46E}.Debug|Any CPU.Build.0 = Debug|Any CPU
		{3AF54852-766B-429B-824A-923FE9A8B46E}.Release|Any CPU.ActiveCfg = Release|Any CPU
		{3AF54852-766B-429B-824A-923FE9A8B46E}.Release|Any CPU.Build.0 = Release|Any CPU
		{EE6B4A26-C53C-4DB9-9CF2-F55C0104BF5E}.Debug|Any CPU.ActiveCfg = Debug|Any CPU
		{EE6B4A26-C53C-4DB9-9CF2-F55C0104BF5E}.Debug|Any CPU.Build.0 = Debug|Any CPU
		{EE6B4A26-C53C-4DB9-9CF2-F55C0104BF5E}.Release|Any CPU.ActiveCfg = Release|Any CPU
		{EE6B4A26-C53C-4DB9-9CF2-F55C0104BF5E}.Release|Any CPU.Build.0 = Release|Any CPU
		{0D288B6E-CA19-487C-B211-46076FC7C06C}.Debug|Any CPU.ActiveCfg = Debug|Any CPU
		{0D288B6E-CA19-487C-B211-46076FC7C06C}.Debug|Any CPU.Build.0 = Debug|Any CPU
		{0D288B6E-CA19-487C-B211-46076FC7C06C}.Release|Any CPU.ActiveCfg = Release|Any CPU
		{0D288B6E-CA19-487C-B211-46076FC7C06C}.Release|Any CPU.Build.0 = Release|Any CPU
		{4376BE55-3886-4752-8FAC-9DB48129A466}.Debug|Any CPU.ActiveCfg = Debug|Any CPU
		{4376BE55-3886-4752-8FAC-9DB48129A466}.Debug|Any CPU.Build.0 = Debug|Any CPU
		{4376BE55-3886-4752-8FAC-9DB48129A466}.Release|Any CPU.ActiveCfg = Release|Any CPU
		{4376BE55-3886-4752-8FAC-9DB48129A466}.Release|Any CPU.Build.0 = Release|Any CPU
		{14B573AE-7EF7-45E6-86BE-4B5EF73771C5}.Debug|Any CPU.ActiveCfg = Debug|Any CPU
		{14B573AE-7EF7-45E6-86BE-4B5EF73771C5}.Debug|Any CPU.Build.0 = Debug|Any CPU
		{14B573AE-7EF7-45E6-86BE-4B5EF73771C5}.Release|Any CPU.ActiveCfg = Release|Any CPU
		{14B573AE-7EF7-45E6-86BE-4B5EF73771C5}.Release|Any CPU.Build.0 = Release|Any CPU
		{17266605-B093-44A4-85D9-CCE0299FC10D}.Debug|Any CPU.ActiveCfg = Debug|Any CPU
		{17266605-B093-44A4-85D9-CCE0299FC10D}.Debug|Any CPU.Build.0 = Debug|Any CPU
		{17266605-B093-44A4-85D9-CCE0299FC10D}.Release|Any CPU.ActiveCfg = Release|Any CPU
		{17266605-B093-44A4-85D9-CCE0299FC10D}.Release|Any CPU.Build.0 = Release|Any CPU
		{BDA9A2D4-6242-455A-A3F2-144823B0E6BB}.Debug|Any CPU.ActiveCfg = Debug|Any CPU
		{BDA9A2D4-6242-455A-A3F2-144823B0E6BB}.Debug|Any CPU.Build.0 = Debug|Any CPU
		{BDA9A2D4-6242-455A-A3F2-144823B0E6BB}.Release|Any CPU.ActiveCfg = Release|Any CPU
		{BDA9A2D4-6242-455A-A3F2-144823B0E6BB}.Release|Any CPU.Build.0 = Release|Any CPU
		{2E68560B-5D52-4552-ACF8-E10B0FC16AC3}.Debug|Any CPU.ActiveCfg = Debug|Any CPU
		{2E68560B-5D52-4552-ACF8-E10B0FC16AC3}.Debug|Any CPU.Build.0 = Debug|Any CPU
		{2E68560B-5D52-4552-ACF8-E10B0FC16AC3}.Release|Any CPU.ActiveCfg = Release|Any CPU
		{2E68560B-5D52-4552-ACF8-E10B0FC16AC3}.Release|Any CPU.Build.0 = Release|Any CPU
		{6E914DF9-34DC-4BF5-BAF7-C74F79A5C86B}.Debug|Any CPU.ActiveCfg = Debug|Any CPU
		{6E914DF9-34DC-4BF5-BAF7-C74F79A5C86B}.Debug|Any CPU.Build.0 = Debug|Any CPU
		{6E914DF9-34DC-4BF5-BAF7-C74F79A5C86B}.Release|Any CPU.ActiveCfg = Release|Any CPU
		{6E914DF9-34DC-4BF5-BAF7-C74F79A5C86B}.Release|Any CPU.Build.0 = Release|Any CPU
		{61E367AD-BC89-475B-A640-47C06965CB41}.Debug|Any CPU.ActiveCfg = Debug|Any CPU
		{61E367AD-BC89-475B-A640-47C06965CB41}.Debug|Any CPU.Build.0 = Debug|Any CPU
		{61E367AD-BC89-475B-A640-47C06965CB41}.Release|Any CPU.ActiveCfg = Release|Any CPU
		{61E367AD-BC89-475B-A640-47C06965CB41}.Release|Any CPU.Build.0 = Release|Any CPU
		{D2EDD9EF-52E5-4BEB-AB44-DE3BFA25EAB5}.Debug|Any CPU.ActiveCfg = Debug|Any CPU
		{D2EDD9EF-52E5-4BEB-AB44-DE3BFA25EAB5}.Debug|Any CPU.Build.0 = Debug|Any CPU
		{D2EDD9EF-52E5-4BEB-AB44-DE3BFA25EAB5}.Release|Any CPU.ActiveCfg = Release|Any CPU
		{D2EDD9EF-52E5-4BEB-AB44-DE3BFA25EAB5}.Release|Any CPU.Build.0 = Release|Any CPU
		{D19DC5FD-4644-443F-9490-7893C893350B}.Debug|Any CPU.ActiveCfg = Debug|Any CPU
		{D19DC5FD-4644-443F-9490-7893C893350B}.Debug|Any CPU.Build.0 = Debug|Any CPU
		{D19DC5FD-4644-443F-9490-7893C893350B}.Release|Any CPU.ActiveCfg = Release|Any CPU
		{D19DC5FD-4644-443F-9490-7893C893350B}.Release|Any CPU.Build.0 = Release|Any CPU
	EndGlobalSection
	GlobalSection(SolutionProperties) = preSolution
		HideSolutionNode = FALSE
	EndGlobalSection
EndGlobal
